// !$*UTF8*$!
{
	archiveVersion = 1;
	classes = {
	};
	objectVersion = 46;
	objects = {

/* Begin PBXBuildFile section */
		E45C1836189CF6CD00F01C64 /* Foundation.framework in Frameworks */ = {isa = PBXBuildFile; fileRef = E45C1835189CF6CD00F01C64 /* Foundation.framework */; };
		E45C1838189CF6CD00F01C64 /* CoreGraphics.framework in Frameworks */ = {isa = PBXBuildFile; fileRef = E45C1837189CF6CD00F01C64 /* CoreGraphics.framework */; };
		E45C183A189CF6CD00F01C64 /* UIKit.framework in Frameworks */ = {isa = PBXBuildFile; fileRef = E45C1839189CF6CD00F01C64 /* UIKit.framework */; };
		E45C1840189CF6CD00F01C64 /* InfoPlist.strings in Resources */ = {isa = PBXBuildFile; fileRef = E45C183E189CF6CD00F01C64 /* InfoPlist.strings */; };
		E45C1842189CF6CD00F01C64 /* main.m in Sources */ = {isa = PBXBuildFile; fileRef = E45C1841189CF6CD00F01C64 /* main.m */; };
		E45C1846189CF6CD00F01C64 /* TSTAppDelegate.m in Sources */ = {isa = PBXBuildFile; fileRef = E45C1845189CF6CD00F01C64 /* TSTAppDelegate.m */; };
		E45C1849189CF6CD00F01C64 /* Main.storyboard in Resources */ = {isa = PBXBuildFile; fileRef = E45C1847189CF6CD00F01C64 /* Main.storyboard */; };
		E45C184C189CF6CD00F01C64 /* TSTViewController.m in Sources */ = {isa = PBXBuildFile; fileRef = E45C184B189CF6CD00F01C64 /* TSTViewController.m */; };
		E45C184E189CF6CD00F01C64 /* Images.xcassets in Resources */ = {isa = PBXBuildFile; fileRef = E45C184D189CF6CD00F01C64 /* Images.xcassets */; };
		E45C1855189CF6CD00F01C64 /* XCTest.framework in Frameworks */ = {isa = PBXBuildFile; fileRef = E45C1854189CF6CD00F01C64 /* XCTest.framework */; };
		E45C1856189CF6CD00F01C64 /* Foundation.framework in Frameworks */ = {isa = PBXBuildFile; fileRef = E45C1835189CF6CD00F01C64 /* Foundation.framework */; };
		E45C1857189CF6CD00F01C64 /* UIKit.framework in Frameworks */ = {isa = PBXBuildFile; fileRef = E45C1839189CF6CD00F01C64 /* UIKit.framework */; };
		E45C185F189CF6CD00F01C64 /* InfoPlist.strings in Resources */ = {isa = PBXBuildFile; fileRef = E45C185D189CF6CD00F01C64 /* InfoPlist.strings */; };
		E45C1861189CF6CD00F01C64 /* flipboardSampleTests.m in Sources */ = {isa = PBXBuildFile; fileRef = E45C1860189CF6CD00F01C64 /* flipboardSampleTests.m */; };
/* End PBXBuildFile section */

/* Begin PBXContainerItemProxy section */
		E45C1858189CF6CD00F01C64 /* PBXContainerItemProxy */ = {
			isa = PBXContainerItemProxy;
			containerPortal = E45C182A189CF6CD00F01C64 /* Project object */;
			proxyType = 1;
			remoteGlobalIDString = E45C1831189CF6CD00F01C64;
			remoteInfo = flipboardSample;
		};
/* End PBXContainerItemProxy section */

/* Begin PBXFileReference section */
		E45C1832189CF6CD00F01C64 /* flipboardSample.app */ = {isa = PBXFileReference; explicitFileType = wrapper.application; includeInIndex = 0; path = flipboardSample.app; sourceTree = BUILT_PRODUCTS_DIR; };
		E45C1835189CF6CD00F01C64 /* Foundation.framework */ = {isa = PBXFileReference; lastKnownFileType = wrapper.framework; name = Foundation.framework; path = System/Library/Frameworks/Foundation.framework; sourceTree = SDKROOT; };
		E45C1837189CF6CD00F01C64 /* CoreGraphics.framework */ = {isa = PBXFileReference; lastKnownFileType = wrapper.framework; name = CoreGraphics.framework; path = System/Library/Frameworks/CoreGraphics.framework; sourceTree = SDKROOT; };
		E45C1839189CF6CD00F01C64 /* UIKit.framework */ = {isa = PBXFileReference; lastKnownFileType = wrapper.framework; name = UIKit.framework; path = System/Library/Frameworks/UIKit.framework; sourceTree = SDKROOT; };
		E45C183D189CF6CD00F01C64 /* flipboardSample-Info.plist */ = {isa = PBXFileReference; lastKnownFileType = text.plist.xml; path = "flipboardSample-Info.plist"; sourceTree = "<group>"; };
		E45C183F189CF6CD00F01C64 /* en */ = {isa = PBXFileReference; lastKnownFileType = text.plist.strings; name = en; path = en.lproj/InfoPlist.strings; sourceTree = "<group>"; };
		E45C1841189CF6CD00F01C64 /* main.m */ = {isa = PBXFileReference; lastKnownFileType = sourcecode.c.objc; path = main.m; sourceTree = "<group>"; };
		E45C1843189CF6CD00F01C64 /* flipboardSample-Prefix.pch */ = {isa = PBXFileReference; lastKnownFileType = sourcecode.c.h; path = "flipboardSample-Prefix.pch"; sourceTree = "<group>"; };
		E45C1844189CF6CD00F01C64 /* TSTAppDelegate.h */ = {isa = PBXFileReference; lastKnownFileType = sourcecode.c.h; path = TSTAppDelegate.h; sourceTree = "<group>"; };
		E45C1845189CF6CD00F01C64 /* TSTAppDelegate.m */ = {isa = PBXFileReference; lastKnownFileType = sourcecode.c.objc; path = TSTAppDelegate.m; sourceTree = "<group>"; };
		E45C1848189CF6CD00F01C64 /* Base */ = {isa = PBXFileReference; lastKnownFileType = file.storyboard; name = Base; path = Base.lproj/Main.storyboard; sourceTree = "<group>"; };
		E45C184A189CF6CD00F01C64 /* TSTViewController.h */ = {isa = PBXFileReference; lastKnownFileType = sourcecode.c.h; path = TSTViewController.h; sourceTree = "<group>"; };
		E45C184B189CF6CD00F01C64 /* TSTViewController.m */ = {isa = PBXFileReference; lastKnownFileType = sourcecode.c.objc; path = TSTViewController.m; sourceTree = "<group>"; };
		E45C184D189CF6CD00F01C64 /* Images.xcassets */ = {isa = PBXFileReference; lastKnownFileType = folder.assetcatalog; path = Images.xcassets; sourceTree = "<group>"; };
		E45C1853189CF6CD00F01C64 /* flipboardSampleTests.xctest */ = {isa = PBXFileReference; explicitFileType = wrapper.cfbundle; includeInIndex = 0; path = flipboardSampleTests.xctest; sourceTree = BUILT_PRODUCTS_DIR; };
		E45C1854189CF6CD00F01C64 /* XCTest.framework */ = {isa = PBXFileReference; lastKnownFileType = wrapper.framework; name = XCTest.framework; path = Library/Frameworks/XCTest.framework; sourceTree = DEVELOPER_DIR; };
		E45C185C189CF6CD00F01C64 /* flipboardSampleTests-Info.plist */ = {isa = PBXFileReference; lastKnownFileType = text.plist.xml; path = "flipboardSampleTests-Info.plist"; sourceTree = "<group>"; };
		E45C185E189CF6CD00F01C64 /* en */ = {isa = PBXFileReference; lastKnownFileType = text.plist.strings; name = en; path = en.lproj/InfoPlist.strings; sourceTree = "<group>"; };
		E45C1860189CF6CD00F01C64 /* flipboardSampleTests.m */ = {isa = PBXFileReference; lastKnownFileType = sourcecode.c.objc; path = flipboardSampleTests.m; sourceTree = "<group>"; };
/* End PBXFileReference section */

/* Begin PBXFrameworksBuildPhase section */
		E45C182F189CF6CD00F01C64 /* Frameworks */ = {
			isa = PBXFrameworksBuildPhase;
			buildActionMask = 2147483647;
			files = (
				E45C1838189CF6CD00F01C64 /* CoreGraphics.framework in Frameworks */,
				E45C183A189CF6CD00F01C64 /* UIKit.framework in Frameworks */,
				E45C1836189CF6CD00F01C64 /* Foundation.framework in Frameworks */,
			);
			runOnlyForDeploymentPostprocessing = 0;
		};
		E45C1850189CF6CD00F01C64 /* Frameworks */ = {
			isa = PBXFrameworksBuildPhase;
			buildActionMask = 2147483647;
			files = (
				E45C1855189CF6CD00F01C64 /* XCTest.framework in Frameworks */,
				E45C1857189CF6CD00F01C64 /* UIKit.framework in Frameworks */,
				E45C1856189CF6CD00F01C64 /* Foundation.framework in Frameworks */,
			);
			runOnlyForDeploymentPostprocessing = 0;
		};
/* End PBXFrameworksBuildPhase section */

/* Begin PBXGroup section */
		E45C1829189CF6CD00F01C64 = {
			isa = PBXGroup;
			children = (
				E45C183B189CF6CD00F01C64 /* flipboardSample */,
				E45C185A189CF6CD00F01C64 /* flipboardSampleTests */,
				E45C1834189CF6CD00F01C64 /* Frameworks */,
				E45C1833189CF6CD00F01C64 /* Products */,
			);
			sourceTree = "<group>";
		};
		E45C1833189CF6CD00F01C64 /* Products */ = {
			isa = PBXGroup;
			children = (
				E45C1832189CF6CD00F01C64 /* flipboardSample.app */,
				E45C1853189CF6CD00F01C64 /* flipboardSampleTests.xctest */,
			);
			name = Products;
			sourceTree = "<group>";
		};
		E45C1834189CF6CD00F01C64 /* Frameworks */ = {
			isa = PBXGroup;
			children = (
				E45C1835189CF6CD00F01C64 /* Foundation.framework */,
				E45C1837189CF6CD00F01C64 /* CoreGraphics.framework */,
				E45C1839189CF6CD00F01C64 /* UIKit.framework */,
				E45C1854189CF6CD00F01C64 /* XCTest.framework */,
			);
			name = Frameworks;
			sourceTree = "<group>";
		};
		E45C183B189CF6CD00F01C64 /* flipboardSample */ = {
			isa = PBXGroup;
			children = (
				E45C1844189CF6CD00F01C64 /* TSTAppDelegate.h */,
				E45C1845189CF6CD00F01C64 /* TSTAppDelegate.m */,
				E45C1847189CF6CD00F01C64 /* Main.storyboard */,
				E45C184A189CF6CD00F01C64 /* TSTViewController.h */,
				E45C184B189CF6CD00F01C64 /* TSTViewController.m */,
				E45C184D189CF6CD00F01C64 /* Images.xcassets */,
				E45C183C189CF6CD00F01C64 /* Supporting Files */,
			);
			path = flipboardSample;
			sourceTree = "<group>";
		};
		E45C183C189CF6CD00F01C64 /* Supporting Files */ = {
			isa = PBXGroup;
			children = (
				E45C183D189CF6CD00F01C64 /* flipboardSample-Info.plist */,
				E45C183E189CF6CD00F01C64 /* InfoPlist.strings */,
				E45C1841189CF6CD00F01C64 /* main.m */,
				E45C1843189CF6CD00F01C64 /* flipboardSample-Prefix.pch */,
			);
			name = "Supporting Files";
			sourceTree = "<group>";
		};
		E45C185A189CF6CD00F01C64 /* flipboardSampleTests */ = {
			isa = PBXGroup;
			children = (
				E45C1860189CF6CD00F01C64 /* flipboardSampleTests.m */,
				E45C185B189CF6CD00F01C64 /* Supporting Files */,
			);
			path = flipboardSampleTests;
			sourceTree = "<group>";
		};
		E45C185B189CF6CD00F01C64 /* Supporting Files */ = {
			isa = PBXGroup;
			children = (
				E45C185C189CF6CD00F01C64 /* flipboardSampleTests-Info.plist */,
				E45C185D189CF6CD00F01C64 /* InfoPlist.strings */,
			);
			name = "Supporting Files";
			sourceTree = "<group>";
		};
/* End PBXGroup section */

/* Begin PBXNativeTarget section */
		E45C1831189CF6CD00F01C64 /* flipboardSample */ = {
			isa = PBXNativeTarget;
			buildConfigurationList = E45C1864189CF6CD00F01C64 /* Build configuration list for PBXNativeTarget "flipboardSample" */;
			buildPhases = (
				E45C182E189CF6CD00F01C64 /* Sources */,
				E45C182F189CF6CD00F01C64 /* Frameworks */,
				E45C1830189CF6CD00F01C64 /* Resources */,
			);
			buildRules = (
			);
			dependencies = (
			);
			name = flipboardSample;
			productName = flipboardSample;
			productReference = E45C1832189CF6CD00F01C64 /* flipboardSample.app */;
			productType = "com.apple.product-type.application";
		};
		E45C1852189CF6CD00F01C64 /* flipboardSampleTests */ = {
			isa = PBXNativeTarget;
			buildConfigurationList = E45C1867189CF6CD00F01C64 /* Build configuration list for PBXNativeTarget "flipboardSampleTests" */;
			buildPhases = (
				E45C184F189CF6CD00F01C64 /* Sources */,
				E45C1850189CF6CD00F01C64 /* Frameworks */,
				E45C1851189CF6CD00F01C64 /* Resources */,
			);
			buildRules = (
			);
			dependencies = (
				E45C1859189CF6CD00F01C64 /* PBXTargetDependency */,
			);
			name = flipboardSampleTests;
			productName = flipboardSampleTests;
			productReference = E45C1853189CF6CD00F01C64 /* flipboardSampleTests.xctest */;
			productType = "com.apple.product-type.bundle.unit-test";
		};
/* End PBXNativeTarget section */

/* Begin PBXProject section */
		E45C182A189CF6CD00F01C64 /* Project object */ = {
			isa = PBXProject;
			attributes = {
				CLASSPREFIX = TST;
				LastUpgradeCheck = 0500;
				ORGANIZATIONNAME = Tesseract;
				TargetAttributes = {
					E45C1852189CF6CD00F01C64 = {
						TestTargetID = E45C1831189CF6CD00F01C64;
					};
				};
			};
			buildConfigurationList = E45C182D189CF6CD00F01C64 /* Build configuration list for PBXProject "flipboardSample" */;
			compatibilityVersion = "Xcode 3.2";
			developmentRegion = English;
			hasScannedForEncodings = 0;
			knownRegions = (
				en,
				Base,
			);
			mainGroup = E45C1829189CF6CD00F01C64;
			productRefGroup = E45C1833189CF6CD00F01C64 /* Products */;
			projectDirPath = "";
			projectRoot = "";
			targets = (
				E45C1831189CF6CD00F01C64 /* flipboardSample */,
				E45C1852189CF6CD00F01C64 /* flipboardSampleTests */,
			);
		};
/* End PBXProject section */

/* Begin PBXResourcesBuildPhase section */
		E45C1830189CF6CD00F01C64 /* Resources */ = {
			isa = PBXResourcesBuildPhase;
			buildActionMask = 2147483647;
			files = (
				E45C184E189CF6CD00F01C64 /* Images.xcassets in Resources */,
				E45C1840189CF6CD00F01C64 /* InfoPlist.strings in Resources */,
				E45C1849189CF6CD00F01C64 /* Main.storyboard in Resources */,
			);
			runOnlyForDeploymentPostprocessing = 0;
		};
		E45C1851189CF6CD00F01C64 /* Resources */ = {
			isa = PBXResourcesBuildPhase;
			buildActionMask = 2147483647;
			files = (
				E45C185F189CF6CD00F01C64 /* InfoPlist.strings in Resources */,
			);
			runOnlyForDeploymentPostprocessing = 0;
		};
/* End PBXResourcesBuildPhase section */

/* Begin PBXSourcesBuildPhase section */
		E45C182E189CF6CD00F01C64 /* Sources */ = {
			isa = PBXSourcesBuildPhase;
			buildActionMask = 2147483647;
			files = (
				E45C1846189CF6CD00F01C64 /* TSTAppDelegate.m in Sources */,
				E45C184C189CF6CD00F01C64 /* TSTViewController.m in Sources */,
				E45C1842189CF6CD00F01C64 /* main.m in Sources */,
			);
			runOnlyForDeploymentPostprocessing = 0;
		};
		E45C184F189CF6CD00F01C64 /* Sources */ = {
			isa = PBXSourcesBuildPhase;
			buildActionMask = 2147483647;
			files = (
				E45C1861189CF6CD00F01C64 /* flipboardSampleTests.m in Sources */,
			);
			runOnlyForDeploymentPostprocessing = 0;
		};
/* End PBXSourcesBuildPhase section */

/* Begin PBXTargetDependency section */
		E45C1859189CF6CD00F01C64 /* PBXTargetDependency */ = {
			isa = PBXTargetDependency;
			target = E45C1831189CF6CD00F01C64 /* flipboardSample */;
			targetProxy = E45C1858189CF6CD00F01C64 /* PBXContainerItemProxy */;
		};
/* End PBXTargetDependency section */

/* Begin PBXVariantGroup section */
		E45C183E189CF6CD00F01C64 /* InfoPlist.strings */ = {
			isa = PBXVariantGroup;
			children = (
				E45C183F189CF6CD00F01C64 /* en */,
			);
			name = InfoPlist.strings;
			sourceTree = "<group>";
		};
		E45C1847189CF6CD00F01C64 /* Main.storyboard */ = {
			isa = PBXVariantGroup;
			children = (
				E45C1848189CF6CD00F01C64 /* Base */,
			);
			name = Main.storyboard;
			sourceTree = "<group>";
		};
		E45C185D189CF6CD00F01C64 /* InfoPlist.strings */ = {
			isa = PBXVariantGroup;
			children = (
				E45C185E189CF6CD00F01C64 /* en */,
			);
			name = InfoPlist.strings;
			sourceTree = "<group>";
		};
/* End PBXVariantGroup section */

/* Begin XCBuildConfiguration section */
		E45C1862189CF6CD00F01C64 /* Debug */ = {
			isa = XCBuildConfiguration;
			buildSettings = {
				ALWAYS_SEARCH_USER_PATHS = NO;
				ARCHS = "$(ARCHS_STANDARD_INCLUDING_64_BIT)";
				CLANG_CXX_LANGUAGE_STANDARD = "gnu++0x";
				CLANG_CXX_LIBRARY = "libc++";
				CLANG_ENABLE_MODULES = YES;
				CLANG_ENABLE_OBJC_ARC = YES;
				CLANG_WARN_BOOL_CONVERSION = YES;
				CLANG_WARN_CONSTANT_CONVERSION = YES;
				CLANG_WARN_DIRECT_OBJC_ISA_USAGE = YES_ERROR;
				CLANG_WARN_EMPTY_BODY = YES;
				CLANG_WARN_ENUM_CONVERSION = YES;
				CLANG_WARN_INT_CONVERSION = YES;
				CLANG_WARN_OBJC_ROOT_CLASS = YES_ERROR;
				CLANG_WARN__DUPLICATE_METHOD_MATCH = YES;
				"CODE_SIGN_IDENTITY[sdk=iphoneos*]" = "iPhone Developer";
				COPY_PHASE_STRIP = NO;
				GCC_C_LANGUAGE_STANDARD = gnu99;
				GCC_DYNAMIC_NO_PIC = NO;
				GCC_OPTIMIZATION_LEVEL = 0;
				GCC_PREPROCESSOR_DEFINITIONS = (
					"DEBUG=1",
					"$(inherited)",
				);
				GCC_SYMBOLS_PRIVATE_EXTERN = NO;
				GCC_WARN_64_TO_32_BIT_CONVERSION = YES;
				GCC_WARN_ABOUT_RETURN_TYPE = YES_ERROR;
				GCC_WARN_UNDECLARED_SELECTOR = YES;
				GCC_WARN_UNINITIALIZED_AUTOS = YES;
				GCC_WARN_UNUSED_FUNCTION = YES;
				GCC_WARN_UNUSED_VARIABLE = YES;
				IPHONEOS_DEPLOYMENT_TARGET = 7.0;
				ONLY_ACTIVE_ARCH = YES;
				SDKROOT = iphoneos;
			};
			name = Debug;
		};
		E45C1863189CF6CD00F01C64 /* Release */ = {
			isa = XCBuildConfiguration;
			buildSettings = {
				ALWAYS_SEARCH_USER_PATHS = NO;
				ARCHS = "$(ARCHS_STANDARD_INCLUDING_64_BIT)";
				CLANG_CXX_LANGUAGE_STANDARD = "gnu++0x";
				CLANG_CXX_LIBRARY = "libc++";
				CLANG_ENABLE_MODULES = YES;
				CLANG_ENABLE_OBJC_ARC = YES;
				CLANG_WARN_BOOL_CONVERSION = YES;
				CLANG_WARN_CONSTANT_CONVERSION = YES;
				CLANG_WARN_DIRECT_OBJC_ISA_USAGE = YES_ERROR;
				CLANG_WARN_EMPTY_BODY = YES;
				CLANG_WARN_ENUM_CONVERSION = YES;
				CLANG_WARN_INT_CONVERSION = YES;
				CLANG_WARN_OBJC_ROOT_CLASS = YES_ERROR;
				CLANG_WARN__DUPLICATE_METHOD_MATCH = YES;
				"CODE_SIGN_IDENTITY[sdk=iphoneos*]" = "iPhone Developer";
				COPY_PHASE_STRIP = YES;
				ENABLE_NS_ASSERTIONS = NO;
				GCC_C_LANGUAGE_STANDARD = gnu99;
				GCC_WARN_64_TO_32_BIT_CONVERSION = YES;
				GCC_WARN_ABOUT_RETURN_TYPE = YES_ERROR;
				GCC_WARN_UNDECLARED_SELECTOR = YES;
				GCC_WARN_UNINITIALIZED_AUTOS = YES;
				GCC_WARN_UNUSED_FUNCTION = YES;
				GCC_WARN_UNUSED_VARIABLE = YES;
				IPHONEOS_DEPLOYMENT_TARGET = 7.0;
				SDKROOT = iphoneos;
				VALIDATE_PRODUCT = YES;
			};
			name = Release;
		};
		E45C1865189CF6CD00F01C64 /* Debug */ = {
			isa = XCBuildConfiguration;
			buildSettings = {
				ASSETCATALOG_COMPILER_APPICON_NAME = AppIcon;
				ASSETCATALOG_COMPILER_LAUNCHIMAGE_NAME = LaunchImage;
				GCC_PRECOMPILE_PREFIX_HEADER = YES;
				GCC_PREFIX_HEADER = "flipboardSample/flipboardSample-Prefix.pch";
				INFOPLIST_FILE = "flipboardSample/flipboardSample-Info.plist";
				PRODUCT_NAME = "$(TARGET_NAME)";
				WRAPPER_EXTENSION = app;
			};
			name = Debug;
		};
		E45C1866189CF6CD00F01C64 /* Release */ = {
			isa = XCBuildConfiguration;
			buildSettings = {
				ASSETCATALOG_COMPILER_APPICON_NAME = AppIcon;
				ASSETCATALOG_COMPILER_LAUNCHIMAGE_NAME = LaunchImage;
				GCC_PRECOMPILE_PREFIX_HEADER = YES;
				GCC_PREFIX_HEADER = "flipboardSample/flipboardSample-Prefix.pch";
				INFOPLIST_FILE = "flipboardSample/flipboardSample-Info.plist";
				PRODUCT_NAME = "$(TARGET_NAME)";
				WRAPPER_EXTENSION = app;
			};
			name = Release;
		};
		E45C1868189CF6CD00F01C64 /* Debug */ = {
			isa = XCBuildConfiguration;
			buildSettings = {
				ARCHS = "$(ARCHS_STANDARD_INCLUDING_64_BIT)";
				BUNDLE_LOADER = "$(BUILT_PRODUCTS_DIR)/flipboardSample.app/flipboardSample";
				FRAMEWORK_SEARCH_PATHS = (
					"$(SDKROOT)/Developer/Library/Frameworks",
					"$(inherited)",
					"$(DEVELOPER_FRAMEWORKS_DIR)",
				);
				GCC_PRECOMPILE_PREFIX_HEADER = YES;
				GCC_PREFIX_HEADER = "flipboardSample/flipboardSample-Prefix.pch";
				GCC_PREPROCESSOR_DEFINITIONS = (
					"DEBUG=1",
					"$(inherited)",
				);
				INFOPLIST_FILE = "flipboardSampleTests/flipboardSampleTests-Info.plist";
				PRODUCT_NAME = "$(TARGET_NAME)";
				TEST_HOST = "$(BUNDLE_LOADER)";
				WRAPPER_EXTENSION = xctest;
			};
			name = Debug;
		};
		E45C1869189CF6CD00F01C64 /* Release */ = {
			isa = XCBuildConfiguration;
			buildSettings = {
				ARCHS = "$(ARCHS_STANDARD_INCLUDING_64_BIT)";
				BUNDLE_LOADER = "$(BUILT_PRODUCTS_DIR)/flipboardSample.app/flipboardSample";
				FRAMEWORK_SEARCH_PATHS = (
					"$(SDKROOT)/Developer/Library/Frameworks",
					"$(inherited)",
					"$(DEVELOPER_FRAMEWORKS_DIR)",
				);
				GCC_PRECOMPILE_PREFIX_HEADER = YES;
				GCC_PREFIX_HEADER = "flipboardSample/flipboardSample-Prefix.pch";
				INFOPLIST_FILE = "flipboardSampleTests/flipboardSampleTests-Info.plist";
				PRODUCT_NAME = "$(TARGET_NAME)";
				TEST_HOST = "$(BUNDLE_LOADER)";
				WRAPPER_EXTENSION = xctest;
			};
			name = Release;
		};
/* End XCBuildConfiguration section */

/* Begin XCConfigurationList section */
		E45C182D189CF6CD00F01C64 /* Build configuration list for PBXProject "flipboardSample" */ = {
			isa = XCConfigurationList;
			buildConfigurations = (
				E45C1862189CF6CD00F01C64 /* Debug */,
				E45C1863189CF6CD00F01C64 /* Release */,
			);
			defaultConfigurationIsVisible = 0;
			defaultConfigurationName = Release;
		};
		E45C1864189CF6CD00F01C64 /* Build configuration list for PBXNativeTarget "flipboardSample" */ = {
			isa = XCConfigurationList;
			buildConfigurations = (
				E45C1865189CF6CD00F01C64 /* Debug */,
				E45C1866189CF6CD00F01C64 /* Release */,
			);
			defaultConfigurationIsVisible = 0;
		};
		E45C1867189CF6CD00F01C64 /* Build configuration list for PBXNativeTarget "flipboardSampleTests" */ = {
			isa = XCConfigurationList;
			buildConfigurations = (
				E45C1868189CF6CD00F01C64 /* Debug */,
				E45C1869189CF6CD00F01C64 /* Release */,
			);
			defaultConfigurationIsVisible = 0;
		};
/* End XCConfigurationList section */
	};
	rootObject = E45C182A189CF6CD00F01C64 /* Project object */;
}
